
Microsoft Visual Studio Solution File, Format Version 12.00
# Visual Studio Version 16
VisualStudioVersion = 16.0.31205.134
MinimumVisualStudioVersion = 10.0.40219.1
Project("{2150E333-8FDC-42A3-9474-1A3956D46DE8}") = "Services", "Services", "{7896CBAA-0E28-4305-B01C-5C74C3498494}"
EndProject
Project("{2150E333-8FDC-42A3-9474-1A3956D46DE8}") = "Review", "Review", "{80FE6E5A-A8B4-4BFD-9D97-4608FD0FF2D5}"
EndProject
Project("{FAE04EC0-301F-11D3-BF4B-00C04F79EFBC}") = "reviewGrpc", "reviewGrpc\reviewGrpc.csproj", "{51D698E9-7E9D-482E-AD66-F3940A36DD72}"
EndProject
Project("{E53339B2-1760-4266-BCC7-CA923CBCF16C}") = "docker-compose", "docker-compose.dcproj", "{2E236596-21D9-4ADF-A8BE-CBFB65E7E094}"
EndProject
Global
	GlobalSection(SolutionConfigurationPlatforms) = preSolution
		Debug|Any CPU = Debug|Any CPU
		Release|Any CPU = Release|Any CPU
	EndGlobalSection
	GlobalSection(ProjectConfigurationPlatforms) = postSolution
		{51D698E9-7E9D-482E-AD66-F3940A36DD72}.Debug|Any CPU.ActiveCfg = Debug|Any CPU
		{51D698E9-7E9D-482E-AD66-F3940A36DD72}.Debug|Any CPU.Build.0 = Debug|Any CPU
		{51D698E9-7E9D-482E-AD66-F3940A36DD72}.Release|Any CPU.ActiveCfg = Release|Any CPU
		{51D698E9-7E9D-482E-AD66-F3940A36DD72}.Release|Any CPU.Build.0 = Release|Any CPU
		{2E236596-21D9-4ADF-A8BE-CBFB65E7E094}.Debug|Any CPU.ActiveCfg = Debug|Any CPU
		{2E236596-21D9-4ADF-A8BE-CBFB65E7E094}.Debug|Any CPU.Build.0 = Debug|Any CPU
		{2E236596-21D9-4ADF-A8BE-CBFB65E7E094}.Release|Any CPU.ActiveCfg = Release|Any CPU
		{2E236596-21D9-4ADF-A8BE-CBFB65E7E094}.Release|Any CPU.Build.0 = Release|Any CPU
	EndGlobalSection
	GlobalSection(SolutionProperties) = preSolution
		HideSolutionNode = FALSE
	EndGlobalSection
	GlobalSection(NestedProjects) = preSolution
		{80FE6E5A-A8B4-4BFD-9D97-4608FD0FF2D5} = {7896CBAA-0E28-4305-B01C-5C74C3498494}
		{51D698E9-7E9D-482E-AD66-F3940A36DD72} = {80FE6E5A-A8B4-4BFD-9D97-4608FD0FF2D5}
	EndGlobalSection
	GlobalSection(ExtensibilityGlobals) = postSolution
		SolutionGuid = {86C29A92-72EF-43A5-B172-B92764F5F5E3}
	EndGlobalSection
EndGlobal
